
Microsoft Visual Studio Solution File, Format Version 12.00
# Visual Studio Version 17
VisualStudioVersion = 17.10.35122.118
MinimumVisualStudioVersion = 10.0.40219.1
Project("{FAE04EC0-301F-11D3-BF4B-00C04F79EFBC}") = "Record Shop Frontend", "Record Shop Frontend\Record Shop Frontend\Record Shop Frontend.csproj", "{8C0CB614-30B7-4AD5-96D8-6C4C9CED0EFC}"
EndProject
Project("{FAE04EC0-301F-11D3-BF4B-00C04F79EFBC}") = "Record Shop Frontend.Client", "Record Shop Frontend\Record Shop Frontend.Client\Record Shop Frontend.Client.csproj", "{DCEEE00C-27A2-445F-BD30-26BAF6CF1213}"
EndProject
Global
	GlobalSection(SolutionConfigurationPlatforms) = preSolution
		Debug|Any CPU = Debug|Any CPU
		Release|Any CPU = Release|Any CPU
	EndGlobalSection
	GlobalSection(ProjectConfigurationPlatforms) = postSolution
		{8C0CB614-30B7-4AD5-96D8-6C4C9CED0EFC}.Debug|Any CPU.ActiveCfg = Debug|Any CPU
		{8C0CB614-30B7-4AD5-96D8-6C4C9CED0EFC}.Debug|Any CPU.Build.0 = Debug|Any CPU
		{8C0CB614-30B7-4AD5-96D8-6C4C9CED0EFC}.Release|Any CPU.ActiveCfg = Release|Any CPU
		{8C0CB614-30B7-4AD5-96D8-6C4C9CED0EFC}.Release|Any CPU.Build.0 = Release|Any CPU
		{DCEEE00C-27A2-445F-BD30-26BAF6CF1213}.Debug|Any CPU.ActiveCfg = Debug|Any CPU
		{DCEEE00C-27A2-445F-BD30-26BAF6CF1213}.Debug|Any CPU.Build.0 = Debug|Any CPU
		{DCEEE00C-27A2-445F-BD30-26BAF6CF1213}.Release|Any CPU.ActiveCfg = Release|Any CPU
		{DCEEE00C-27A2-445F-BD30-26BAF6CF1213}.Release|Any CPU.Build.0 = Release|Any CPU
	EndGlobalSection
	GlobalSection(SolutionProperties) = preSolution
		HideSolutionNode = FALSE
	EndGlobalSection
	GlobalSection(ExtensibilityGlobals) = postSolution
		SolutionGuid = {2A3E0164-DB1B-4B52-8345-7724E65BFD6F}
	EndGlobalSection
EndGlobal
